// !$*UTF8*$!
{
	archiveVersion = 1;
	classes = {
	};
	objectVersion = 46;
	objects = {

/* Begin PBXBuildFile section */
		1E79B13A1B1FA15B00E09640 /* RADDollarTests.m in Sources */ = {isa = PBXBuildFile; fileRef = 1E79B1391B1FA15B00E09640 /* RADDollarTests.m */; };
		1E79B13D1B1FA20200E09640 /* RADDollar.m in Sources */ = {isa = PBXBuildFile; fileRef = 1E79B13C1B1FA20200E09640 /* RADDollar.m */; };
		1E79B13E1B1FA25500E09640 /* RADDollar.m in Sources */ = {isa = PBXBuildFile; fileRef = 1E79B13C1B1FA20200E09640 /* RADDollar.m */; };
		1E79B1411B1FA57E00E09640 /* RADMoney.m in Sources */ = {isa = PBXBuildFile; fileRef = 1E79B1401B1FA57E00E09640 /* RADMoney.m */; };
		1E79B1451B1FA9BD00E09640 /* NSObject+GNUStepAddons.m in Sources */ = {isa = PBXBuildFile; fileRef = 1E79B1441B1FA9BD00E09640 /* NSObject+GNUStepAddons.m */; };
		1E79B1471B1FAC6600E09640 /* RADMoneyTests.m in Sources */ = {isa = PBXBuildFile; fileRef = 1E79B1461B1FAC6600E09640 /* RADMoneyTests.m */; };
		1EF8667D1B1F8B8500CAFF46 /* main.m in Sources */ = {isa = PBXBuildFile; fileRef = 1EF8667C1B1F8B8500CAFF46 /* main.m */; };
		1EF866801B1F8B8500CAFF46 /* AppDelegate.m in Sources */ = {isa = PBXBuildFile; fileRef = 1EF8667F1B1F8B8500CAFF46 /* AppDelegate.m */; };
		1EF866821B1F8B8500CAFF46 /* Images.xcassets in Resources */ = {isa = PBXBuildFile; fileRef = 1EF866811B1F8B8500CAFF46 /* Images.xcassets */; };
		1EF866851B1F8B8500CAFF46 /* LaunchScreen.xib in Resources */ = {isa = PBXBuildFile; fileRef = 1EF866831B1F8B8500CAFF46 /* LaunchScreen.xib */; };
		1EF8669B1B1F8C9E00CAFF46 /* RADEuroTests.m in Sources */ = {isa = PBXBuildFile; fileRef = 1EF8669A1B1F8C9E00CAFF46 /* RADEuroTests.m */; };
		1EF8669E1B1F8DD300CAFF46 /* RADEuro.m in Sources */ = {isa = PBXBuildFile; fileRef = 1EF8669D1B1F8DD300CAFF46 /* RADEuro.m */; };
		1EF866A01B1F8EA500CAFF46 /* RADEuro.m in Sources */ = {isa = PBXBuildFile; fileRef = 1EF8669D1B1F8DD300CAFF46 /* RADEuro.m */; };
/* End PBXBuildFile section */

/* Begin PBXContainerItemProxy section */
		1EF8668B1B1F8B8500CAFF46 /* PBXContainerItemProxy */ = {
			isa = PBXContainerItemProxy;
			containerPortal = 1EF8666F1B1F8B8500CAFF46 /* Project object */;
			proxyType = 1;
			remoteGlobalIDString = 1EF866761B1F8B8500CAFF46;
			remoteInfo = WalletAGBO;
		};
/* End PBXContainerItemProxy section */

/* Begin PBXFileReference section */
		1E79B1391B1FA15B00E09640 /* RADDollarTests.m */ = {isa = PBXFileReference; fileEncoding = 4; lastKnownFileType = sourcecode.c.objc; path = RADDollarTests.m; sourceTree = "<group>"; };
		1E79B13B1B1FA20200E09640 /* RADDollar.h */ = {isa = PBXFileReference; fileEncoding = 4; lastKnownFileType = sourcecode.c.h; path = RADDollar.h; sourceTree = "<group>"; };
		1E79B13C1B1FA20200E09640 /* RADDollar.m */ = {isa = PBXFileReference; fileEncoding = 4; lastKnownFileType = sourcecode.c.objc; path = RADDollar.m; sourceTree = "<group>"; };
		1E79B13F1B1FA57E00E09640 /* RADMoney.h */ = {isa = PBXFileReference; fileEncoding = 4; lastKnownFileType = sourcecode.c.h; path = RADMoney.h; sourceTree = "<group>"; };
		1E79B1401B1FA57E00E09640 /* RADMoney.m */ = {isa = PBXFileReference; fileEncoding = 4; lastKnownFileType = sourcecode.c.objc; path = RADMoney.m; sourceTree = "<group>"; };
		1E79B1431B1FA9BD00E09640 /* NSObject+GNUStepAddons.h */ = {isa = PBXFileReference; fileEncoding = 4; lastKnownFileType = sourcecode.c.h; path = "NSObject+GNUStepAddons.h"; sourceTree = "<group>"; };
		1E79B1441B1FA9BD00E09640 /* NSObject+GNUStepAddons.m */ = {isa = PBXFileReference; fileEncoding = 4; lastKnownFileType = sourcecode.c.objc; path = "NSObject+GNUStepAddons.m"; sourceTree = "<group>"; };
		1E79B1461B1FAC6600E09640 /* RADMoneyTests.m */ = {isa = PBXFileReference; fileEncoding = 4; lastKnownFileType = sourcecode.c.objc; path = RADMoneyTests.m; sourceTree = "<group>"; };
		1E79B1481B1FB52A00E09640 /* RADMoney-Private.h */ = {isa = PBXFileReference; lastKnownFileType = sourcecode.c.h; path = "RADMoney-Private.h"; sourceTree = "<group>"; };
		1EF866771B1F8B8500CAFF46 /* WalletAGBO.app */ = {isa = PBXFileReference; explicitFileType = wrapper.application; includeInIndex = 0; path = WalletAGBO.app; sourceTree = BUILT_PRODUCTS_DIR; };
		1EF8667B1B1F8B8500CAFF46 /* Info.plist */ = {isa = PBXFileReference; lastKnownFileType = text.plist.xml; path = Info.plist; sourceTree = "<group>"; };
		1EF8667C1B1F8B8500CAFF46 /* main.m */ = {isa = PBXFileReference; lastKnownFileType = sourcecode.c.objc; path = main.m; sourceTree = "<group>"; };
		1EF8667E1B1F8B8500CAFF46 /* AppDelegate.h */ = {isa = PBXFileReference; lastKnownFileType = sourcecode.c.h; path = AppDelegate.h; sourceTree = "<group>"; };
		1EF8667F1B1F8B8500CAFF46 /* AppDelegate.m */ = {isa = PBXFileReference; lastKnownFileType = sourcecode.c.objc; path = AppDelegate.m; sourceTree = "<group>"; };
		1EF866811B1F8B8500CAFF46 /* Images.xcassets */ = {isa = PBXFileReference; lastKnownFileType = folder.assetcatalog; path = Images.xcassets; sourceTree = "<group>"; };
		1EF866841B1F8B8500CAFF46 /* Base */ = {isa = PBXFileReference; lastKnownFileType = file.xib; name = Base; path = Base.lproj/LaunchScreen.xib; sourceTree = "<group>"; };
		1EF8668A1B1F8B8500CAFF46 /* WalletAGBOTests.xctest */ = {isa = PBXFileReference; explicitFileType = wrapper.cfbundle; includeInIndex = 0; path = WalletAGBOTests.xctest; sourceTree = BUILT_PRODUCTS_DIR; };
		1EF8668F1B1F8B8500CAFF46 /* Info.plist */ = {isa = PBXFileReference; lastKnownFileType = text.plist.xml; path = Info.plist; sourceTree = "<group>"; };
		1EF8669A1B1F8C9E00CAFF46 /* RADEuroTests.m */ = {isa = PBXFileReference; fileEncoding = 4; lastKnownFileType = sourcecode.c.objc; path = RADEuroTests.m; sourceTree = "<group>"; };
		1EF8669C1B1F8DD300CAFF46 /* RADEuro.h */ = {isa = PBXFileReference; fileEncoding = 4; lastKnownFileType = sourcecode.c.h; path = RADEuro.h; sourceTree = "<group>"; };
		1EF8669D1B1F8DD300CAFF46 /* RADEuro.m */ = {isa = PBXFileReference; fileEncoding = 4; lastKnownFileType = sourcecode.c.objc; path = RADEuro.m; sourceTree = "<group>"; };
/* End PBXFileReference section */

/* Begin PBXFrameworksBuildPhase section */
		1EF866741B1F8B8500CAFF46 /* Frameworks */ = {
			isa = PBXFrameworksBuildPhase;
			buildActionMask = 2147483647;
			files = (
			);
			runOnlyForDeploymentPostprocessing = 0;
		};
		1EF866871B1F8B8500CAFF46 /* Frameworks */ = {
			isa = PBXFrameworksBuildPhase;
			buildActionMask = 2147483647;
			files = (
			);
			runOnlyForDeploymentPostprocessing = 0;
		};
/* End PBXFrameworksBuildPhase section */

/* Begin PBXGroup section */
		1E79B1381B1FA12800E09640 /* Models */ = {
			isa = PBXGroup;
			children = (
				1EF8669A1B1F8C9E00CAFF46 /* RADEuroTests.m */,
				1E79B1391B1FA15B00E09640 /* RADDollarTests.m */,
				1E79B1461B1FAC6600E09640 /* RADMoneyTests.m */,
			);
			name = Models;
			sourceTree = "<group>";
		};
		1E79B1421B1FA96000E09640 /* Categories */ = {
			isa = PBXGroup;
			children = (
				1E79B1431B1FA9BD00E09640 /* NSObject+GNUStepAddons.h */,
				1E79B1441B1FA9BD00E09640 /* NSObject+GNUStepAddons.m */,
			);
			name = Categories;
			sourceTree = "<group>";
		};
		1EF8666E1B1F8B8500CAFF46 = {
			isa = PBXGroup;
			children = (
				1EF866791B1F8B8500CAFF46 /* WalletAGBO */,
				1EF8668D1B1F8B8500CAFF46 /* WalletAGBOTests */,
				1EF866781B1F8B8500CAFF46 /* Products */,
			);
			sourceTree = "<group>";
		};
		1EF866781B1F8B8500CAFF46 /* Products */ = {
			isa = PBXGroup;
			children = (
				1EF866771B1F8B8500CAFF46 /* WalletAGBO.app */,
				1EF8668A1B1F8B8500CAFF46 /* WalletAGBOTests.xctest */,
			);
			name = Products;
			sourceTree = "<group>";
		};
		1EF866791B1F8B8500CAFF46 /* WalletAGBO */ = {
			isa = PBXGroup;
			children = (
				1E79B1421B1FA96000E09640 /* Categories */,
				1EF8667E1B1F8B8500CAFF46 /* AppDelegate.h */,
				1EF8667F1B1F8B8500CAFF46 /* AppDelegate.m */,
				1EF866811B1F8B8500CAFF46 /* Images.xcassets */,
				1EF866831B1F8B8500CAFF46 /* LaunchScreen.xib */,
				1EF8667A1B1F8B8500CAFF46 /* Supporting Files */,
				1EF8669F1B1F8DD700CAFF46 /* Models */,
			);
			path = WalletAGBO;
			sourceTree = "<group>";
		};
		1EF8667A1B1F8B8500CAFF46 /* Supporting Files */ = {
			isa = PBXGroup;
			children = (
				1EF8667B1B1F8B8500CAFF46 /* Info.plist */,
				1EF8667C1B1F8B8500CAFF46 /* main.m */,
			);
			name = "Supporting Files";
			sourceTree = "<group>";
		};
		1EF8668D1B1F8B8500CAFF46 /* WalletAGBOTests */ = {
			isa = PBXGroup;
			children = (
				1EF8668E1B1F8B8500CAFF46 /* Supporting Files */,
				1E79B1381B1FA12800E09640 /* Models */,
			);
			path = WalletAGBOTests;
			sourceTree = "<group>";
		};
		1EF8668E1B1F8B8500CAFF46 /* Supporting Files */ = {
			isa = PBXGroup;
			children = (
				1EF8668F1B1F8B8500CAFF46 /* Info.plist */,
			);
			name = "Supporting Files";
			sourceTree = "<group>";
		};
		1EF8669F1B1F8DD700CAFF46 /* Models */ = {
			isa = PBXGroup;
			children = (
				1EF8669C1B1F8DD300CAFF46 /* RADEuro.h */,
				1EF8669D1B1F8DD300CAFF46 /* RADEuro.m */,
				1E79B13B1B1FA20200E09640 /* RADDollar.h */,
				1E79B13C1B1FA20200E09640 /* RADDollar.m */,
				1E79B13F1B1FA57E00E09640 /* RADMoney.h */,
				1E79B1401B1FA57E00E09640 /* RADMoney.m */,
				1E79B1481B1FB52A00E09640 /* RADMoney-Private.h */,
			);
			name = Models;
			sourceTree = "<group>";
		};
/* End PBXGroup section */

/* Begin PBXNativeTarget section */
		1EF866761B1F8B8500CAFF46 /* WalletAGBO */ = {
			isa = PBXNativeTarget;
			buildConfigurationList = 1EF866941B1F8B8500CAFF46 /* Build configuration list for PBXNativeTarget "WalletAGBO" */;
			buildPhases = (
				1EF866731B1F8B8500CAFF46 /* Sources */,
				1EF866741B1F8B8500CAFF46 /* Frameworks */,
				1EF866751B1F8B8500CAFF46 /* Resources */,
			);
			buildRules = (
			);
			dependencies = (
			);
			name = WalletAGBO;
			productName = WalletAGBO;
			productReference = 1EF866771B1F8B8500CAFF46 /* WalletAGBO.app */;
			productType = "com.apple.product-type.application";
		};
		1EF866891B1F8B8500CAFF46 /* WalletAGBOTests */ = {
			isa = PBXNativeTarget;
			buildConfigurationList = 1EF866971B1F8B8500CAFF46 /* Build configuration list for PBXNativeTarget "WalletAGBOTests" */;
			buildPhases = (
				1EF866861B1F8B8500CAFF46 /* Sources */,
				1EF866871B1F8B8500CAFF46 /* Frameworks */,
				1EF866881B1F8B8500CAFF46 /* Resources */,
			);
			buildRules = (
			);
			dependencies = (
				1EF8668C1B1F8B8500CAFF46 /* PBXTargetDependency */,
			);
			name = WalletAGBOTests;
			productName = WalletAGBOTests;
			productReference = 1EF8668A1B1F8B8500CAFF46 /* WalletAGBOTests.xctest */;
			productType = "com.apple.product-type.bundle.unit-test";
		};
/* End PBXNativeTarget section */

/* Begin PBXProject section */
		1EF8666F1B1F8B8500CAFF46 /* Project object */ = {
			isa = PBXProject;
			attributes = {
				CLASSPREFIX = RAD;
				LastUpgradeCheck = 0630;
				ORGANIZATIONNAME = Krainet;
				TargetAttributes = {
					1EF866761B1F8B8500CAFF46 = {
						CreatedOnToolsVersion = 6.3.1;
					};
					1EF866891B1F8B8500CAFF46 = {
						CreatedOnToolsVersion = 6.3.1;
						TestTargetID = 1EF866761B1F8B8500CAFF46;
					};
				};
			};
			buildConfigurationList = 1EF866721B1F8B8500CAFF46 /* Build configuration list for PBXProject "WalletAGBO" */;
			compatibilityVersion = "Xcode 3.2";
			developmentRegion = English;
			hasScannedForEncodings = 0;
			knownRegions = (
				en,
				Base,
			);
			mainGroup = 1EF8666E1B1F8B8500CAFF46;
			productRefGroup = 1EF866781B1F8B8500CAFF46 /* Products */;
			projectDirPath = "";
			projectRoot = "";
			targets = (
				1EF866761B1F8B8500CAFF46 /* WalletAGBO */,
				1EF866891B1F8B8500CAFF46 /* WalletAGBOTests */,
			);
		};
/* End PBXProject section */

/* Begin PBXResourcesBuildPhase section */
		1EF866751B1F8B8500CAFF46 /* Resources */ = {
			isa = PBXResourcesBuildPhase;
			buildActionMask = 2147483647;
			files = (
				1EF866851B1F8B8500CAFF46 /* LaunchScreen.xib in Resources */,
				1EF866821B1F8B8500CAFF46 /* Images.xcassets in Resources */,
			);
			runOnlyForDeploymentPostprocessing = 0;
		};
		1EF866881B1F8B8500CAFF46 /* Resources */ = {
			isa = PBXResourcesBuildPhase;
			buildActionMask = 2147483647;
			files = (
			);
			runOnlyForDeploymentPostprocessing = 0;
		};
/* End PBXResourcesBuildPhase section */

/* Begin PBXSourcesBuildPhase section */
		1EF866731B1F8B8500CAFF46 /* Sources */ = {
			isa = PBXSourcesBuildPhase;
			buildActionMask = 2147483647;
			files = (
				1EF8669E1B1F8DD300CAFF46 /* RADEuro.m in Sources */,
				1EF866801B1F8B8500CAFF46 /* AppDelegate.m in Sources */,
				1EF8667D1B1F8B8500CAFF46 /* main.m in Sources */,
				1E79B1451B1FA9BD00E09640 /* NSObject+GNUStepAddons.m in Sources */,
				1E79B13D1B1FA20200E09640 /* RADDollar.m in Sources */,
				1E79B1411B1FA57E00E09640 /* RADMoney.m in Sources */,
			);
			runOnlyForDeploymentPostprocessing = 0;
		};
		1EF866861B1F8B8500CAFF46 /* Sources */ = {
			isa = PBXSourcesBuildPhase;
			buildActionMask = 2147483647;
			files = (
				1E79B1471B1FAC6600E09640 /* RADMoneyTests.m in Sources */,
				1EF866A01B1F8EA500CAFF46 /* RADEuro.m in Sources */,
				1EF8669B1B1F8C9E00CAFF46 /* RADEuroTests.m in Sources */,
				1E79B13A1B1FA15B00E09640 /* RADDollarTests.m in Sources */,
				1E79B13E1B1FA25500E09640 /* RADDollar.m in Sources */,
			);
			runOnlyForDeploymentPostprocessing = 0;
		};
/* End PBXSourcesBuildPhase section */

/* Begin PBXTargetDependency section */
		1EF8668C1B1F8B8500CAFF46 /* PBXTargetDependency */ = {
			isa = PBXTargetDependency;
			target = 1EF866761B1F8B8500CAFF46 /* WalletAGBO */;
			targetProxy = 1EF8668B1B1F8B8500CAFF46 /* PBXContainerItemProxy */;
		};
/* End PBXTargetDependency section */

/* Begin PBXVariantGroup section */
		1EF866831B1F8B8500CAFF46 /* LaunchScreen.xib */ = {
			isa = PBXVariantGroup;
			children = (
				1EF866841B1F8B8500CAFF46 /* Base */,
			);
			name = LaunchScreen.xib;
			sourceTree = "<group>";
		};
/* End PBXVariantGroup section */

/* Begin XCBuildConfiguration section */
		1EF866921B1F8B8500CAFF46 /* Debug */ = {
			isa = XCBuildConfiguration;
			buildSettings = {
				ALWAYS_SEARCH_USER_PATHS = NO;
				CLANG_CXX_LANGUAGE_STANDARD = "gnu++0x";
				CLANG_CXX_LIBRARY = "libc++";
				CLANG_ENABLE_MODULES = YES;
				CLANG_ENABLE_OBJC_ARC = YES;
				CLANG_WARN_BOOL_CONVERSION = YES;
				CLANG_WARN_CONSTANT_CONVERSION = YES;
				CLANG_WARN_DIRECT_OBJC_ISA_USAGE = YES_ERROR;
				CLANG_WARN_EMPTY_BODY = YES;
				CLANG_WARN_ENUM_CONVERSION = YES;
				CLANG_WARN_INT_CONVERSION = YES;
				CLANG_WARN_OBJC_ROOT_CLASS = YES_ERROR;
				CLANG_WARN_UNREACHABLE_CODE = YES;
				CLANG_WARN__DUPLICATE_METHOD_MATCH = YES;
				"CODE_SIGN_IDENTITY[sdk=iphoneos*]" = "iPhone Developer";
				COPY_PHASE_STRIP = NO;
				DEBUG_INFORMATION_FORMAT = "dwarf-with-dsym";
				ENABLE_STRICT_OBJC_MSGSEND = YES;
				GCC_C_LANGUAGE_STANDARD = gnu99;
				GCC_DYNAMIC_NO_PIC = NO;
				GCC_NO_COMMON_BLOCKS = YES;
				GCC_OPTIMIZATION_LEVEL = 0;
				GCC_PREPROCESSOR_DEFINITIONS = (
					"DEBUG=1",
					"$(inherited)",
				);
				GCC_SYMBOLS_PRIVATE_EXTERN = NO;
				GCC_WARN_64_TO_32_BIT_CONVERSION = YES;
				GCC_WARN_ABOUT_RETURN_TYPE = YES_ERROR;
				GCC_WARN_UNDECLARED_SELECTOR = YES;
				GCC_WARN_UNINITIALIZED_AUTOS = YES_AGGRESSIVE;
				GCC_WARN_UNUSED_FUNCTION = YES;
				GCC_WARN_UNUSED_VARIABLE = YES;
				IPHONEOS_DEPLOYMENT_TARGET = 8.3;
				MTL_ENABLE_DEBUG_INFO = YES;
				ONLY_ACTIVE_ARCH = YES;
				SDKROOT = iphoneos;
				TARGETED_DEVICE_FAMILY = "1,2";
			};
			name = Debug;
		};
		1EF866931B1F8B8500CAFF46 /* Release */ = {
			isa = XCBuildConfiguration;
			buildSettings = {
				ALWAYS_SEARCH_USER_PATHS = NO;
				CLANG_CXX_LANGUAGE_STANDARD = "gnu++0x";
				CLANG_CXX_LIBRARY = "libc++";
				CLANG_ENABLE_MODULES = YES;
				CLANG_ENABLE_OBJC_ARC = YES;
				CLANG_WARN_BOOL_CONVERSION = YES;
				CLANG_WARN_CONSTANT_CONVERSION = YES;
				CLANG_WARN_DIRECT_OBJC_ISA_USAGE = YES_ERROR;
				CLANG_WARN_EMPTY_BODY = YES;
				CLANG_WARN_ENUM_CONVERSION = YES;
				CLANG_WARN_INT_CONVERSION = YES;
				CLANG_WARN_OBJC_ROOT_CLASS = YES_ERROR;
				CLANG_WARN_UNREACHABLE_CODE = YES;
				CLANG_WARN__DUPLICATE_METHOD_MATCH = YES;
				"CODE_SIGN_IDENTITY[sdk=iphoneos*]" = "iPhone Developer";
				COPY_PHASE_STRIP = NO;
				DEBUG_INFORMATION_FORMAT = "dwarf-with-dsym";
				ENABLE_NS_ASSERTIONS = NO;
				ENABLE_STRICT_OBJC_MSGSEND = YES;
				GCC_C_LANGUAGE_STANDARD = gnu99;
				GCC_NO_COMMON_BLOCKS = YES;
				GCC_WARN_64_TO_32_BIT_CONVERSION = YES;
				GCC_WARN_ABOUT_RETURN_TYPE = YES_ERROR;
				GCC_WARN_UNDECLARED_SELECTOR = YES;
				GCC_WARN_UNINITIALIZED_AUTOS = YES_AGGRESSIVE;
				GCC_WARN_UNUSED_FUNCTION = YES;
				GCC_WARN_UNUSED_VARIABLE = YES;
				IPHONEOS_DEPLOYMENT_TARGET = 8.3;
				MTL_ENABLE_DEBUG_INFO = NO;
				SDKROOT = iphoneos;
				TARGETED_DEVICE_FAMILY = "1,2";
				VALIDATE_PRODUCT = YES;
			};
			name = Release;
		};
		1EF866951B1F8B8500CAFF46 /* Debug */ = {
			isa = XCBuildConfiguration;
			buildSettings = {
				ASSETCATALOG_COMPILER_APPICON_NAME = AppIcon;
				INFOPLIST_FILE = WalletAGBO/Info.plist;
				LD_RUNPATH_SEARCH_PATHS = "$(inherited) @executable_path/Frameworks";
				PRODUCT_NAME = "$(TARGET_NAME)";
			};
			name = Debug;
		};
		1EF866961B1F8B8500CAFF46 /* Release */ = {
			isa = XCBuildConfiguration;
			buildSettings = {
				ASSETCATALOG_COMPILER_APPICON_NAME = AppIcon;
				INFOPLIST_FILE = WalletAGBO/Info.plist;
				LD_RUNPATH_SEARCH_PATHS = "$(inherited) @executable_path/Frameworks";
				PRODUCT_NAME = "$(TARGET_NAME)";
			};
			name = Release;
		};
		1EF866981B1F8B8500CAFF46 /* Debug */ = {
			isa = XCBuildConfiguration;
			buildSettings = {
				BUNDLE_LOADER = "$(TEST_HOST)";
				FRAMEWORK_SEARCH_PATHS = (
					"$(SDKROOT)/Developer/Library/Frameworks",
					"$(inherited)",
				);
				GCC_PREPROCESSOR_DEFINITIONS = (
					"DEBUG=1",
					"$(inherited)",
				);
				INFOPLIST_FILE = WalletAGBOTests/Info.plist;
				LD_RUNPATH_SEARCH_PATHS = "$(inherited) @executable_path/Frameworks @loader_path/Frameworks";
				PRODUCT_NAME = "$(TARGET_NAME)";
				TEST_HOST = "$(BUILT_PRODUCTS_DIR)/WalletAGBO.app/WalletAGBO";
			};
			name = Debug;
		};
		1EF866991B1F8B8500CAFF46 /* Release */ = {
			isa = XCBuildConfiguration;
			buildSettings = {
				BUNDLE_LOADER = "$(TEST_HOST)";
				FRAMEWORK_SEARCH_PATHS = (
					"$(SDKROOT)/Developer/Library/Frameworks",
					"$(inherited)",
				);
				INFOPLIST_FILE = WalletAGBOTests/Info.plist;
				LD_RUNPATH_SEARCH_PATHS = "$(inherited) @executable_path/Frameworks @loader_path/Frameworks";
				PRODUCT_NAME = "$(TARGET_NAME)";
				TEST_HOST = "$(BUILT_PRODUCTS_DIR)/WalletAGBO.app/WalletAGBO";
			};
			name = Release;
		};
/* End XCBuildConfiguration section */

/* Begin XCConfigurationList section */
		1EF866721B1F8B8500CAFF46 /* Build configuration list for PBXProject "WalletAGBO" */ = {
			isa = XCConfigurationList;
			buildConfigurations = (
				1EF866921B1F8B8500CAFF46 /* Debug */,
				1EF866931B1F8B8500CAFF46 /* Release */,
			);
			defaultConfigurationIsVisible = 0;
			defaultConfigurationName = Release;
		};
		1EF866941B1F8B8500CAFF46 /* Build configuration list for PBXNativeTarget "WalletAGBO" */ = {
			isa = XCConfigurationList;
			buildConfigurations = (
				1EF866951B1F8B8500CAFF46 /* Debug */,
				1EF866961B1F8B8500CAFF46 /* Release */,
			);
			defaultConfigurationIsVisible = 0;
			defaultConfigurationName = Release;
		};
		1EF866971B1F8B8500CAFF46 /* Build configuration list for PBXNativeTarget "WalletAGBOTests" */ = {
			isa = XCConfigurationList;
			buildConfigurations = (
				1EF866981B1F8B8500CAFF46 /* Debug */,
				1EF866991B1F8B8500CAFF46 /* Release */,
			);
			defaultConfigurationIsVisible = 0;
			defaultConfigurationName = Release;
		};
/* End XCConfigurationList section */
	};
	rootObject = 1EF8666F1B1F8B8500CAFF46 /* Project object */;
}
